
Microsoft Visual Studio Solution File, Format Version 12.00
# Visual Studio Version 16
VisualStudioVersion = 16.0.31410.357
MinimumVisualStudioVersion = 10.0.40219.1
Project("{FAE04EC0-301F-11D3-BF4B-00C04F79EFBC}") = "rpgInventory", "rpgInventory\rpgInventory.csproj", "{89B251EF-B767-470A-9058-248C0ECF4E3B}"
EndProject
Global
	GlobalSection(SolutionConfigurationPlatforms) = preSolution
		Debug|Any CPU = Debug|Any CPU
		Release|Any CPU = Release|Any CPU
	EndGlobalSection
	GlobalSection(ProjectConfigurationPlatforms) = postSolution
		{89B251EF-B767-470A-9058-248C0ECF4E3B}.Debug|Any CPU.ActiveCfg = Debug|Any CPU
		{89B251EF-B767-470A-9058-248C0ECF4E3B}.Debug|Any CPU.Build.0 = Debug|Any CPU
		{89B251EF-B767-470A-9058-248C0ECF4E3B}.Release|Any CPU.ActiveCfg = Release|Any CPU
		{89B251EF-B767-470A-9058-248C0ECF4E3B}.Release|Any CPU.Build.0 = Release|Any CPU
	EndGlobalSection
	GlobalSection(SolutionProperties) = preSolution
		HideSolutionNode = FALSE
	EndGlobalSection
	GlobalSection(ExtensibilityGlobals) = postSolution
		SolutionGuid = {C729C7CB-C3DF-41FA-9DC9-055534C2EA01}
	EndGlobalSection
EndGlobal
